
Microsoft Visual Studio Solution File, Format Version 12.00
# Visual Studio Version 17
VisualStudioVersion = 17.4.33122.133
MinimumVisualStudioVersion = 10.0.40219.1
Project("{FAE04EC0-301F-11D3-BF4B-00C04F79EFBC}") = "InyeccionDependencia IS2", "InyeccionDependencia IS2\InyeccionDependencia IS2.csproj", "{5CAFEE42-FB4F-4509-B08B-BF75E35F92E6}"
EndProject
Global
	GlobalSection(SolutionConfigurationPlatforms) = preSolution
		Debug|Any CPU = Debug|Any CPU
		Release|Any CPU = Release|Any CPU
	EndGlobalSection
	GlobalSection(ProjectConfigurationPlatforms) = postSolution
		{5CAFEE42-FB4F-4509-B08B-BF75E35F92E6}.Debug|Any CPU.ActiveCfg = Debug|Any CPU
		{5CAFEE42-FB4F-4509-B08B-BF75E35F92E6}.Debug|Any CPU.Build.0 = Debug|Any CPU
		{5CAFEE42-FB4F-4509-B08B-BF75E35F92E6}.Release|Any CPU.ActiveCfg = Release|Any CPU
		{5CAFEE42-FB4F-4509-B08B-BF75E35F92E6}.Release|Any CPU.Build.0 = Release|Any CPU
	EndGlobalSection
	GlobalSection(SolutionProperties) = preSolution
		HideSolutionNode = FALSE
	EndGlobalSection
	GlobalSection(ExtensibilityGlobals) = postSolution
		SolutionGuid = {4426ABC4-388B-474B-9F60-B3B643B77D1A}
	EndGlobalSection
EndGlobal
